
Microsoft Visual Studio Solution File, Format Version 12.00
# Visual Studio Version 17
VisualStudioVersion = 17.13.35931.197 d17.13
MinimumVisualStudioVersion = 10.0.40219.1
Project("{FAE04EC0-301F-11D3-BF4B-00C04F79EFBC}") = "WindowsFormsApp_03_Array", "WindowsFormsApp_03_Array\WindowsFormsApp_03_Array.csproj", "{CF4B812C-43CF-49EB-AA54-51C60A9A302A}"
EndProject
Global
	GlobalSection(SolutionConfigurationPlatforms) = preSolution
		Debug|Any CPU = Debug|Any CPU
		Release|Any CPU = Release|Any CPU
	EndGlobalSection
	GlobalSection(ProjectConfigurationPlatforms) = postSolution
		{CF4B812C-43CF-49EB-AA54-51C60A9A302A}.Debug|Any CPU.ActiveCfg = Debug|Any CPU
		{CF4B812C-43CF-49EB-AA54-51C60A9A302A}.Debug|Any CPU.Build.0 = Debug|Any CPU
		{CF4B812C-43CF-49EB-AA54-51C60A9A302A}.Release|Any CPU.ActiveCfg = Release|Any CPU
		{CF4B812C-43CF-49EB-AA54-51C60A9A302A}.Release|Any CPU.Build.0 = Release|Any CPU
	EndGlobalSection
	GlobalSection(SolutionProperties) = preSolution
		HideSolutionNode = FALSE
	EndGlobalSection
	GlobalSection(ExtensibilityGlobals) = postSolution
		SolutionGuid = {3723A41B-CFE5-4FDF-BBE5-9DCD103CBD8E}
	EndGlobalSection
EndGlobal
