
Microsoft Visual Studio Solution File, Format Version 12.00
# Visual Studio Version 17
VisualStudioVersion = 17.13.35931.197 d17.13
MinimumVisualStudioVersion = 10.0.40219.1
Project("{FAE04EC0-301F-11D3-BF4B-00C04F79EFBC}") = "WindowsFormsApp_04_Function", "WindowsFormsApp_04_Function\WindowsFormsApp_04_Function.csproj", "{1B8F98A7-6FF1-40CF-9DDF-DD4EF69F60ED}"
EndProject
Global
	GlobalSection(SolutionConfigurationPlatforms) = preSolution
		Debug|Any CPU = Debug|Any CPU
		Release|Any CPU = Release|Any CPU
	EndGlobalSection
	GlobalSection(ProjectConfigurationPlatforms) = postSolution
		{1B8F98A7-6FF1-40CF-9DDF-DD4EF69F60ED}.Debug|Any CPU.ActiveCfg = Debug|Any CPU
		{1B8F98A7-6FF1-40CF-9DDF-DD4EF69F60ED}.Debug|Any CPU.Build.0 = Debug|Any CPU
		{1B8F98A7-6FF1-40CF-9DDF-DD4EF69F60ED}.Release|Any CPU.ActiveCfg = Release|Any CPU
		{1B8F98A7-6FF1-40CF-9DDF-DD4EF69F60ED}.Release|Any CPU.Build.0 = Release|Any CPU
	EndGlobalSection
	GlobalSection(SolutionProperties) = preSolution
		HideSolutionNode = FALSE
	EndGlobalSection
	GlobalSection(ExtensibilityGlobals) = postSolution
		SolutionGuid = {2F228412-6538-408D-93F8-3E09D77E9AA6}
	EndGlobalSection
EndGlobal
