
Microsoft Visual Studio Solution File, Format Version 12.00
# Visual Studio Version 17
VisualStudioVersion = 17.13.35931.197 d17.13
MinimumVisualStudioVersion = 10.0.40219.1
Project("{FAE04EC0-301F-11D3-BF4B-00C04F79EFBC}") = "WindowsFormsApp_Delegate", "WindowsFormsApp_Delegate\WindowsFormsApp_Delegate.csproj", "{BD9B4687-B116-492E-8FE9-4687E9FE41E6}"
EndProject
Global
	GlobalSection(SolutionConfigurationPlatforms) = preSolution
		Debug|Any CPU = Debug|Any CPU
		Release|Any CPU = Release|Any CPU
	EndGlobalSection
	GlobalSection(ProjectConfigurationPlatforms) = postSolution
		{BD9B4687-B116-492E-8FE9-4687E9FE41E6}.Debug|Any CPU.ActiveCfg = Debug|Any CPU
		{BD9B4687-B116-492E-8FE9-4687E9FE41E6}.Debug|Any CPU.Build.0 = Debug|Any CPU
		{BD9B4687-B116-492E-8FE9-4687E9FE41E6}.Release|Any CPU.ActiveCfg = Release|Any CPU
		{BD9B4687-B116-492E-8FE9-4687E9FE41E6}.Release|Any CPU.Build.0 = Release|Any CPU
	EndGlobalSection
	GlobalSection(SolutionProperties) = preSolution
		HideSolutionNode = FALSE
	EndGlobalSection
	GlobalSection(ExtensibilityGlobals) = postSolution
		SolutionGuid = {A99D696E-5877-4634-8182-1F56378D7E02}
	EndGlobalSection
EndGlobal
